{
  "requires": true,
  "lockfileVersion": 1,
  "dependencies": {
    "g-sheets-api": {
      "version": "1.0.2",
      "resolved": "https://registry.npmjs.org/g-sheets-api/-/g-sheets-api-1.0.2.tgz",
      "integrity": "sha512-5ikYinOGt1mhAJ+xw/Scfy7cwUVNlFsbK3LNVVcic4oYvcLrURjGu+P9YqkWI9V/vD+sfM6Q+SnmGjW71fNHRg=="
    },
    "i": {
      "version": "0.3.6",
      "resolved": "https://registry.npmjs.org/i/-/i-0.3.6.tgz",
      "integrity": "sha1-2WyScyB28HJxG2sQ/X1PZa2O4j0="
    }
  }
}
